
Microsoft Visual Studio Solution File, Format Version 12.00
# Visual Studio Version 17
VisualStudioVersion = 17.4.33122.133
MinimumVisualStudioVersion = 10.0.40219.1
Project("{FAE04EC0-301F-11D3-BF4B-00C04F79EFBC}") = "Sinema_Büfe_Satiş_", "Sinema_Büfe_Satiş_\Sinema_Büfe_Satiş_.csproj", "{35D3B3DB-741B-4009-B65A-F1995228BDBF}"
EndProject
Global
	GlobalSection(SolutionConfigurationPlatforms) = preSolution
		Debug|Any CPU = Debug|Any CPU
		Release|Any CPU = Release|Any CPU
	EndGlobalSection
	GlobalSection(ProjectConfigurationPlatforms) = postSolution
		{35D3B3DB-741B-4009-B65A-F1995228BDBF}.Debug|Any CPU.ActiveCfg = Debug|Any CPU
		{35D3B3DB-741B-4009-B65A-F1995228BDBF}.Debug|Any CPU.Build.0 = Debug|Any CPU
		{35D3B3DB-741B-4009-B65A-F1995228BDBF}.Release|Any CPU.ActiveCfg = Release|Any CPU
		{35D3B3DB-741B-4009-B65A-F1995228BDBF}.Release|Any CPU.Build.0 = Release|Any CPU
	EndGlobalSection
	GlobalSection(SolutionProperties) = preSolution
		HideSolutionNode = FALSE
	EndGlobalSection
	GlobalSection(ExtensibilityGlobals) = postSolution
		SolutionGuid = {A89493AE-70B6-4905-8988-D7DB50004386}
	EndGlobalSection
EndGlobal
